// !$*UTF8*$!
{
	archiveVersion = 1;
	classes = {
	};
	objectVersion = 56;
	objects = {

/* Begin PBXBuildFile section */
		70BDD4A3291D44ED003EC0C8 /* GitModels.docc in Sources */ = {isa = PBXBuildFile; fileRef = 70BDD4A2291D44ED003EC0C8 /* GitModels.docc */; };
		70BDD4A9291D44ED003EC0C8 /* GitModels.framework in Frameworks */ = {isa = PBXBuildFile; fileRef = 70BDD49E291D44EC003EC0C8 /* GitModels.framework */; };
		70BDD4AE291D44ED003EC0C8 /* GitModelsTests.swift in Sources */ = {isa = PBXBuildFile; fileRef = 70BDD4AD291D44ED003EC0C8 /* GitModelsTests.swift */; };
		70BDD4AF291D44ED003EC0C8 /* GitModels.h in Headers */ = {isa = PBXBuildFile; fileRef = 70BDD4A1291D44ED003EC0C8 /* GitModels.h */; settings = {ATTRIBUTES = (Public, ); }; };
		70BDD4C1291D467D003EC0C8 /* GitDataModel.swift in Sources */ = {isa = PBXBuildFile; fileRef = 70BDD4C0291D467D003EC0C8 /* GitDataModel.swift */; };
/* End PBXBuildFile section */

/* Begin PBXContainerItemProxy section */
		70BDD4AA291D44ED003EC0C8 /* PBXContainerItemProxy */ = {
			isa = PBXContainerItemProxy;
			containerPortal = 70BDD495291D44EC003EC0C8 /* Project object */;
			proxyType = 1;
			remoteGlobalIDString = 70BDD49D291D44EC003EC0C8;
			remoteInfo = GitModels;
		};
/* End PBXContainerItemProxy section */

/* Begin PBXFileReference section */
		70BDD49E291D44EC003EC0C8 /* GitModels.framework */ = {isa = PBXFileReference; explicitFileType = wrapper.framework; includeInIndex = 0; path = GitModels.framework; sourceTree = BUILT_PRODUCTS_DIR; };
		70BDD4A1291D44ED003EC0C8 /* GitModels.h */ = {isa = PBXFileReference; lastKnownFileType = sourcecode.c.h; path = GitModels.h; sourceTree = "<group>"; };
		70BDD4A2291D44ED003EC0C8 /* GitModels.docc */ = {isa = PBXFileReference; lastKnownFileType = folder.documentationcatalog; path = GitModels.docc; sourceTree = "<group>"; };
		70BDD4A8291D44ED003EC0C8 /* GitModelsTests.xctest */ = {isa = PBXFileReference; explicitFileType = wrapper.cfbundle; includeInIndex = 0; path = GitModelsTests.xctest; sourceTree = BUILT_PRODUCTS_DIR; };
		70BDD4AD291D44ED003EC0C8 /* GitModelsTests.swift */ = {isa = PBXFileReference; lastKnownFileType = sourcecode.swift; path = GitModelsTests.swift; sourceTree = "<group>"; };
		70BDD4C0291D467D003EC0C8 /* GitDataModel.swift */ = {isa = PBXFileReference; lastKnownFileType = sourcecode.swift; path = GitDataModel.swift; sourceTree = "<group>"; };
/* End PBXFileReference section */

/* Begin PBXFrameworksBuildPhase section */
		70BDD49B291D44EC003EC0C8 /* Frameworks */ = {
			isa = PBXFrameworksBuildPhase;
			buildActionMask = 2147483647;
			files = (
			);
			runOnlyForDeploymentPostprocessing = 0;
		};
		70BDD4A5291D44ED003EC0C8 /* Frameworks */ = {
			isa = PBXFrameworksBuildPhase;
			buildActionMask = 2147483647;
			files = (
				70BDD4A9291D44ED003EC0C8 /* GitModels.framework in Frameworks */,
			);
			runOnlyForDeploymentPostprocessing = 0;
		};
/* End PBXFrameworksBuildPhase section */

/* Begin PBXGroup section */
		70BDD494291D44EC003EC0C8 = {
			isa = PBXGroup;
			children = (
				70BDD4A0291D44EC003EC0C8 /* GitModels */,
				70BDD4AC291D44ED003EC0C8 /* GitModelsTests */,
				70BDD49F291D44EC003EC0C8 /* Products */,
			);
			sourceTree = "<group>";
		};
		70BDD49F291D44EC003EC0C8 /* Products */ = {
			isa = PBXGroup;
			children = (
				70BDD49E291D44EC003EC0C8 /* GitModels.framework */,
				70BDD4A8291D44ED003EC0C8 /* GitModelsTests.xctest */,
			);
			name = Products;
			sourceTree = "<group>";
		};
		70BDD4A0291D44EC003EC0C8 /* GitModels */ = {
			isa = PBXGroup;
			children = (
				70BDD4A1291D44ED003EC0C8 /* GitModels.h */,
				70BDD4A2291D44ED003EC0C8 /* GitModels.docc */,
				70BDD4C0291D467D003EC0C8 /* GitDataModel.swift */,
			);
			path = GitModels;
			sourceTree = "<group>";
		};
		70BDD4AC291D44ED003EC0C8 /* GitModelsTests */ = {
			isa = PBXGroup;
			children = (
				70BDD4AD291D44ED003EC0C8 /* GitModelsTests.swift */,
			);
			path = GitModelsTests;
			sourceTree = "<group>";
		};
/* End PBXGroup section */

/* Begin PBXHeadersBuildPhase section */
		70BDD499291D44EC003EC0C8 /* Headers */ = {
			isa = PBXHeadersBuildPhase;
			buildActionMask = 2147483647;
			files = (
				70BDD4AF291D44ED003EC0C8 /* GitModels.h in Headers */,
			);
			runOnlyForDeploymentPostprocessing = 0;
		};
/* End PBXHeadersBuildPhase section */

/* Begin PBXNativeTarget section */
		70BDD49D291D44EC003EC0C8 /* GitModels */ = {
			isa = PBXNativeTarget;
			buildConfigurationList = 70BDD4B2291D44ED003EC0C8 /* Build configuration list for PBXNativeTarget "GitModels" */;
			buildPhases = (
				70BDD499291D44EC003EC0C8 /* Headers */,
				70BDD49A291D44EC003EC0C8 /* Sources */,
				70BDD49B291D44EC003EC0C8 /* Frameworks */,
				70BDD49C291D44EC003EC0C8 /* Resources */,
			);
			buildRules = (
			);
			dependencies = (
			);
			name = GitModels;
			productName = GitModels;
			productReference = 70BDD49E291D44EC003EC0C8 /* GitModels.framework */;
			productType = "com.apple.product-type.framework";
		};
		70BDD4A7291D44ED003EC0C8 /* GitModelsTests */ = {
			isa = PBXNativeTarget;
			buildConfigurationList = 70BDD4B5291D44ED003EC0C8 /* Build configuration list for PBXNativeTarget "GitModelsTests" */;
			buildPhases = (
				70BDD4A4291D44ED003EC0C8 /* Sources */,
				70BDD4A5291D44ED003EC0C8 /* Frameworks */,
				70BDD4A6291D44ED003EC0C8 /* Resources */,
			);
			buildRules = (
			);
			dependencies = (
				70BDD4AB291D44ED003EC0C8 /* PBXTargetDependency */,
			);
			name = GitModelsTests;
			productName = GitModelsTests;
			productReference = 70BDD4A8291D44ED003EC0C8 /* GitModelsTests.xctest */;
			productType = "com.apple.product-type.bundle.unit-test";
		};
/* End PBXNativeTarget section */

/* Begin PBXProject section */
		70BDD495291D44EC003EC0C8 /* Project object */ = {
			isa = PBXProject;
			attributes = {
				BuildIndependentTargetsInParallel = 1;
				LastSwiftUpdateCheck = 1400;
				LastUpgradeCheck = 1400;
				TargetAttributes = {
					70BDD49D291D44EC003EC0C8 = {
						CreatedOnToolsVersion = 14.0.1;
					};
					70BDD4A7291D44ED003EC0C8 = {
						CreatedOnToolsVersion = 14.0.1;
					};
				};
			};
			buildConfigurationList = 70BDD498291D44EC003EC0C8 /* Build configuration list for PBXProject "GitModels" */;
			compatibilityVersion = "Xcode 14.0";
			developmentRegion = en;
			hasScannedForEncodings = 0;
			knownRegions = (
				en,
				Base,
			);
			mainGroup = 70BDD494291D44EC003EC0C8;
			productRefGroup = 70BDD49F291D44EC003EC0C8 /* Products */;
			projectDirPath = "";
			projectRoot = "";
			targets = (
				70BDD49D291D44EC003EC0C8 /* GitModels */,
				70BDD4A7291D44ED003EC0C8 /* GitModelsTests */,
			);
		};
/* End PBXProject section */

/* Begin PBXResourcesBuildPhase section */
		70BDD49C291D44EC003EC0C8 /* Resources */ = {
			isa = PBXResourcesBuildPhase;
			buildActionMask = 2147483647;
			files = (
			);
			runOnlyForDeploymentPostprocessing = 0;
		};
		70BDD4A6291D44ED003EC0C8 /* Resources */ = {
			isa = PBXResourcesBuildPhase;
			buildActionMask = 2147483647;
			files = (
			);
			runOnlyForDeploymentPostprocessing = 0;
		};
/* End PBXResourcesBuildPhase section */

/* Begin PBXSourcesBuildPhase section */
		70BDD49A291D44EC003EC0C8 /* Sources */ = {
			isa = PBXSourcesBuildPhase;
			buildActionMask = 2147483647;
			files = (
				70BDD4C1291D467D003EC0C8 /* GitDataModel.swift in Sources */,
				70BDD4A3291D44ED003EC0C8 /* GitModels.docc in Sources */,
			);
			runOnlyForDeploymentPostprocessing = 0;
		};
		70BDD4A4291D44ED003EC0C8 /* Sources */ = {
			isa = PBXSourcesBuildPhase;
			buildActionMask = 2147483647;
			files = (
				70BDD4AE291D44ED003EC0C8 /* GitModelsTests.swift in Sources */,
			);
			runOnlyForDeploymentPostprocessing = 0;
		};
/* End PBXSourcesBuildPhase section */

/* Begin PBXTargetDependency section */
		70BDD4AB291D44ED003EC0C8 /* PBXTargetDependency */ = {
			isa = PBXTargetDependency;
			target = 70BDD49D291D44EC003EC0C8 /* GitModels */;
			targetProxy = 70BDD4AA291D44ED003EC0C8 /* PBXContainerItemProxy */;
		};
/* End PBXTargetDependency section */

/* Begin XCBuildConfiguration section */
		70BDD4B0291D44ED003EC0C8 /* Debug */ = {
			isa = XCBuildConfiguration;
			buildSettings = {
				ALWAYS_SEARCH_USER_PATHS = NO;
				BUILD_LIBRARY_FOR_DISTRIBUTION = YES;
				CLANG_ANALYZER_NONNULL = YES;
				CLANG_ANALYZER_NUMBER_OBJECT_CONVERSION = YES_AGGRESSIVE;
				CLANG_CXX_LANGUAGE_STANDARD = "gnu++20";
				CLANG_ENABLE_MODULES = YES;
				CLANG_ENABLE_OBJC_ARC = YES;
				CLANG_ENABLE_OBJC_WEAK = YES;
				CLANG_WARN_BLOCK_CAPTURE_AUTORELEASING = YES;
				CLANG_WARN_BOOL_CONVERSION = YES;
				CLANG_WARN_COMMA = YES;
				CLANG_WARN_CONSTANT_CONVERSION = YES;
				CLANG_WARN_DEPRECATED_OBJC_IMPLEMENTATIONS = YES;
				CLANG_WARN_DIRECT_OBJC_ISA_USAGE = YES_ERROR;
				CLANG_WARN_DOCUMENTATION_COMMENTS = YES;
				CLANG_WARN_EMPTY_BODY = YES;
				CLANG_WARN_ENUM_CONVERSION = YES;
				CLANG_WARN_INFINITE_RECURSION = YES;
				CLANG_WARN_INT_CONVERSION = YES;
				CLANG_WARN_NON_LITERAL_NULL_CONVERSION = YES;
				CLANG_WARN_OBJC_IMPLICIT_RETAIN_SELF = YES;
				CLANG_WARN_OBJC_LITERAL_CONVERSION = YES;
				CLANG_WARN_OBJC_ROOT_CLASS = YES_ERROR;
				CLANG_WARN_QUOTED_INCLUDE_IN_FRAMEWORK_HEADER = YES;
				CLANG_WARN_RANGE_LOOP_ANALYSIS = YES;
				CLANG_WARN_STRICT_PROTOTYPES = YES;
				CLANG_WARN_SUSPICIOUS_MOVE = YES;
				CLANG_WARN_UNGUARDED_AVAILABILITY = YES_AGGRESSIVE;
				CLANG_WARN_UNREACHABLE_CODE = YES;
				CLANG_WARN__DUPLICATE_METHOD_MATCH = YES;
				COPY_PHASE_STRIP = NO;
				CURRENT_PROJECT_VERSION = 1;
				DEBUG_INFORMATION_FORMAT = dwarf;
				ENABLE_STRICT_OBJC_MSGSEND = YES;
				ENABLE_TESTABILITY = YES;
				GCC_C_LANGUAGE_STANDARD = gnu11;
				GCC_DYNAMIC_NO_PIC = NO;
				GCC_NO_COMMON_BLOCKS = YES;
				GCC_OPTIMIZATION_LEVEL = 0;
				GCC_PREPROCESSOR_DEFINITIONS = (
					"DEBUG=1",
					"$(inherited)",
				);
				GCC_WARN_64_TO_32_BIT_CONVERSION = YES;
				GCC_WARN_ABOUT_RETURN_TYPE = YES_ERROR;
				GCC_WARN_UNDECLARED_SELECTOR = YES;
				GCC_WARN_UNINITIALIZED_AUTOS = YES_AGGRESSIVE;
				GCC_WARN_UNUSED_FUNCTION = YES;
				GCC_WARN_UNUSED_VARIABLE = YES;
				IPHONEOS_DEPLOYMENT_TARGET = 15.0;
				MTL_ENABLE_DEBUG_INFO = INCLUDE_SOURCE;
				MTL_FAST_MATH = YES;
				ONLY_ACTIVE_ARCH = YES;
				SDKROOT = iphoneos;
				SWIFT_ACTIVE_COMPILATION_CONDITIONS = DEBUG;
				SWIFT_OPTIMIZATION_LEVEL = "-Onone";
				VERSIONING_SYSTEM = "apple-generic";
				VERSION_INFO_PREFIX = "";
			};
			name = Debug;
		};
		70BDD4B1291D44ED003EC0C8 /* Release */ = {
			isa = XCBuildConfiguration;
			buildSettings = {
				ALWAYS_SEARCH_USER_PATHS = NO;
				BUILD_LIBRARY_FOR_DISTRIBUTION = YES;
				CLANG_ANALYZER_NONNULL = YES;
				CLANG_ANALYZER_NUMBER_OBJECT_CONVERSION = YES_AGGRESSIVE;
				CLANG_CXX_LANGUAGE_STANDARD = "gnu++20";
				CLANG_ENABLE_MODULES = YES;
				CLANG_ENABLE_OBJC_ARC = YES;
				CLANG_ENABLE_OBJC_WEAK = YES;
				CLANG_WARN_BLOCK_CAPTURE_AUTORELEASING = YES;
				CLANG_WARN_BOOL_CONVERSION = YES;
				CLANG_WARN_COMMA = YES;
				CLANG_WARN_CONSTANT_CONVERSION = YES;
				CLANG_WARN_DEPRECATED_OBJC_IMPLEMENTATIONS = YES;
				CLANG_WARN_DIRECT_OBJC_ISA_USAGE = YES_ERROR;
				CLANG_WARN_DOCUMENTATION_COMMENTS = YES;
				CLANG_WARN_EMPTY_BODY = YES;
				CLANG_WARN_ENUM_CONVERSION = YES;
				CLANG_WARN_INFINITE_RECURSION = YES;
				CLANG_WARN_INT_CONVERSION = YES;
				CLANG_WARN_NON_LITERAL_NULL_CONVERSION = YES;
				CLANG_WARN_OBJC_IMPLICIT_RETAIN_SELF = YES;
				CLANG_WARN_OBJC_LITERAL_CONVERSION = YES;
				CLANG_WARN_OBJC_ROOT_CLASS = YES_ERROR;
				CLANG_WARN_QUOTED_INCLUDE_IN_FRAMEWORK_HEADER = YES;
				CLANG_WARN_RANGE_LOOP_ANALYSIS = YES;
				CLANG_WARN_STRICT_PROTOTYPES = YES;
				CLANG_WARN_SUSPICIOUS_MOVE = YES;
				CLANG_WARN_UNGUARDED_AVAILABILITY = YES_AGGRESSIVE;
				CLANG_WARN_UNREACHABLE_CODE = YES;
				CLANG_WARN__DUPLICATE_METHOD_MATCH = YES;
				COPY_PHASE_STRIP = NO;
				CURRENT_PROJECT_VERSION = 1;
				DEBUG_INFORMATION_FORMAT = "dwarf-with-dsym";
				ENABLE_NS_ASSERTIONS = NO;
				ENABLE_STRICT_OBJC_MSGSEND = YES;
				GCC_C_LANGUAGE_STANDARD = gnu11;
				GCC_NO_COMMON_BLOCKS = YES;
				GCC_WARN_64_TO_32_BIT_CONVERSION = YES;
				GCC_WARN_ABOUT_RETURN_TYPE = YES_ERROR;
				GCC_WARN_UNDECLARED_SELECTOR = YES;
				GCC_WARN_UNINITIALIZED_AUTOS = YES_AGGRESSIVE;
				GCC_WARN_UNUSED_FUNCTION = YES;
				GCC_WARN_UNUSED_VARIABLE = YES;
				IPHONEOS_DEPLOYMENT_TARGET = 15.0;
				MTL_ENABLE_DEBUG_INFO = NO;
				MTL_FAST_MATH = YES;
				SDKROOT = iphoneos;
				SWIFT_COMPILATION_MODE = wholemodule;
				SWIFT_OPTIMIZATION_LEVEL = "-O";
				VALIDATE_PRODUCT = YES;
				VERSIONING_SYSTEM = "apple-generic";
				VERSION_INFO_PREFIX = "";
			};
			name = Release;
		};
		70BDD4B3291D44ED003EC0C8 /* Debug */ = {
			isa = XCBuildConfiguration;
			buildSettings = {
				CODE_SIGN_STYLE = Automatic;
				CURRENT_PROJECT_VERSION = 1;
				DEFINES_MODULE = YES;
				DEVELOPMENT_TEAM = FKM3V764H6;
				DYLIB_COMPATIBILITY_VERSION = 1;
				DYLIB_CURRENT_VERSION = 1;
				DYLIB_INSTALL_NAME_BASE = "@rpath";
				GENERATE_INFOPLIST_FILE = YES;
				INFOPLIST_KEY_NSHumanReadableCopyright = "";
				INSTALL_PATH = "$(LOCAL_LIBRARY_DIR)/Frameworks";
				IPHONEOS_DEPLOYMENT_TARGET = 15.0;
				LD_RUNPATH_SEARCH_PATHS = (
					"$(inherited)",
					"@executable_path/Frameworks",
					"@loader_path/Frameworks",
				);
				MARKETING_VERSION = 1.0;
				PRODUCT_BUNDLE_IDENTIFIER = com.ugoval.GitModels;
				PRODUCT_NAME = "$(TARGET_NAME:c99extidentifier)";
				SKIP_INSTALL = YES;
				SWIFT_EMIT_LOC_STRINGS = YES;
				SWIFT_VERSION = 5.0;
				TARGETED_DEVICE_FAMILY = "1,2";
			};
			name = Debug;
		};
		70BDD4B4291D44ED003EC0C8 /* Release */ = {
			isa = XCBuildConfiguration;
			buildSettings = {
				CODE_SIGN_STYLE = Automatic;
				CURRENT_PROJECT_VERSION = 1;
				DEFINES_MODULE = YES;
				DEVELOPMENT_TEAM = FKM3V764H6;
				DYLIB_COMPATIBILITY_VERSION = 1;
				DYLIB_CURRENT_VERSION = 1;
				DYLIB_INSTALL_NAME_BASE = "@rpath";
				GENERATE_INFOPLIST_FILE = YES;
				INFOPLIST_KEY_NSHumanReadableCopyright = "";
				INSTALL_PATH = "$(LOCAL_LIBRARY_DIR)/Frameworks";
				IPHONEOS_DEPLOYMENT_TARGET = 15.0;
				LD_RUNPATH_SEARCH_PATHS = (
					"$(inherited)",
					"@executable_path/Frameworks",
					"@loader_path/Frameworks",
				);
				MARKETING_VERSION = 1.0;
				PRODUCT_BUNDLE_IDENTIFIER = com.ugoval.GitModels;
				PRODUCT_NAME = "$(TARGET_NAME:c99extidentifier)";
				SKIP_INSTALL = YES;
				SWIFT_EMIT_LOC_STRINGS = YES;
				SWIFT_VERSION = 5.0;
				TARGETED_DEVICE_FAMILY = "1,2";
			};
			name = Release;
		};
		70BDD4B6291D44ED003EC0C8 /* Debug */ = {
			isa = XCBuildConfiguration;
			buildSettings = {
				ALWAYS_EMBED_SWIFT_STANDARD_LIBRARIES = YES;
				CODE_SIGN_STYLE = Automatic;
				CURRENT_PROJECT_VERSION = 1;
				DEVELOPMENT_TEAM = FKM3V764H6;
				GENERATE_INFOPLIST_FILE = YES;
				MARKETING_VERSION = 1.0;
				PRODUCT_BUNDLE_IDENTIFIER = com.ugoval.GitModelsTests;
				PRODUCT_NAME = "$(TARGET_NAME)";
				SWIFT_EMIT_LOC_STRINGS = NO;
				SWIFT_VERSION = 5.0;
				TARGETED_DEVICE_FAMILY = "1,2";
			};
			name = Debug;
		};
		70BDD4B7291D44ED003EC0C8 /* Release */ = {
			isa = XCBuildConfiguration;
			buildSettings = {
				ALWAYS_EMBED_SWIFT_STANDARD_LIBRARIES = YES;
				CODE_SIGN_STYLE = Automatic;
				CURRENT_PROJECT_VERSION = 1;
				DEVELOPMENT_TEAM = FKM3V764H6;
				GENERATE_INFOPLIST_FILE = YES;
				MARKETING_VERSION = 1.0;
				PRODUCT_BUNDLE_IDENTIFIER = com.ugoval.GitModelsTests;
				PRODUCT_NAME = "$(TARGET_NAME)";
				SWIFT_EMIT_LOC_STRINGS = NO;
				SWIFT_VERSION = 5.0;
				TARGETED_DEVICE_FAMILY = "1,2";
			};
			name = Release;
		};
/* End XCBuildConfiguration section */

/* Begin XCConfigurationList section */
		70BDD498291D44EC003EC0C8 /* Build configuration list for PBXProject "GitModels" */ = {
			isa = XCConfigurationList;
			buildConfigurations = (
				70BDD4B0291D44ED003EC0C8 /* Debug */,
				70BDD4B1291D44ED003EC0C8 /* Release */,
			);
			defaultConfigurationIsVisible = 0;
			defaultConfigurationName = Release;
		};
		70BDD4B2291D44ED003EC0C8 /* Build configuration list for PBXNativeTarget "GitModels" */ = {
			isa = XCConfigurationList;
			buildConfigurations = (
				70BDD4B3291D44ED003EC0C8 /* Debug */,
				70BDD4B4291D44ED003EC0C8 /* Release */,
			);
			defaultConfigurationIsVisible = 0;
			defaultConfigurationName = Release;
		};
		70BDD4B5291D44ED003EC0C8 /* Build configuration list for PBXNativeTarget "GitModelsTests" */ = {
			isa = XCConfigurationList;
			buildConfigurations = (
				70BDD4B6291D44ED003EC0C8 /* Debug */,
				70BDD4B7291D44ED003EC0C8 /* Release */,
			);
			defaultConfigurationIsVisible = 0;
			defaultConfigurationName = Release;
		};
/* End XCConfigurationList section */
	};
	rootObject = 70BDD495291D44EC003EC0C8 /* Project object */;
}
