// !$*UTF8*$!
{
	archiveVersion = 1;
	classes = {
	};
	objectVersion = 56;
	objects = {

/* Begin PBXBuildFile section */
		70BDD47F291D44A0003EC0C8 /* GitUtility.docc in Sources */ = {isa = PBXBuildFile; fileRef = 70BDD47E291D44A0003EC0C8 /* GitUtility.docc */; };
		70BDD485291D44A1003EC0C8 /* GitUtility.framework in Frameworks */ = {isa = PBXBuildFile; fileRef = 70BDD47A291D44A0003EC0C8 /* GitUtility.framework */; };
		70BDD48A291D44A1003EC0C8 /* GitUtilityTests.swift in Sources */ = {isa = PBXBuildFile; fileRef = 70BDD489291D44A1003EC0C8 /* GitUtilityTests.swift */; };
		70BDD48B291D44A1003EC0C8 /* GitUtility.h in Headers */ = {isa = PBXBuildFile; fileRef = 70BDD47D291D44A0003EC0C8 /* GitUtility.h */; settings = {ATTRIBUTES = (Public, ); }; };
		70BDD4CA291D4788003EC0C8 /* GitModels.framework in Frameworks */ = {isa = PBXBuildFile; fileRef = 70BDD4C9291D4788003EC0C8 /* GitModels.framework */; };
		70BDD4CB291D4788003EC0C8 /* GitModels.framework in Embed Frameworks */ = {isa = PBXBuildFile; fileRef = 70BDD4C9291D4788003EC0C8 /* GitModels.framework */; settings = {ATTRIBUTES = (CodeSignOnCopy, RemoveHeadersOnCopy, ); }; };
		70BDD4D8291D491A003EC0C8 /* UIImage+Extension.swift in Sources */ = {isa = PBXBuildFile; fileRef = 70BDD4D5291D491A003EC0C8 /* UIImage+Extension.swift */; };
		70BDD4D9291D491B003EC0C8 /* UserDefaults+Extension.swift in Sources */ = {isa = PBXBuildFile; fileRef = 70BDD4D6291D491A003EC0C8 /* UserDefaults+Extension.swift */; };
		70BDD4DA291D491B003EC0C8 /* Constants.swift in Sources */ = {isa = PBXBuildFile; fileRef = 70BDD4D7291D491A003EC0C8 /* Constants.swift */; };
/* End PBXBuildFile section */

/* Begin PBXContainerItemProxy section */
		70BDD486291D44A1003EC0C8 /* PBXContainerItemProxy */ = {
			isa = PBXContainerItemProxy;
			containerPortal = 70BDD471291D44A0003EC0C8 /* Project object */;
			proxyType = 1;
			remoteGlobalIDString = 70BDD479291D44A0003EC0C8;
			remoteInfo = GitUtility;
		};
/* End PBXContainerItemProxy section */

/* Begin PBXCopyFilesBuildPhase section */
		70BDD4CC291D4788003EC0C8 /* Embed Frameworks */ = {
			isa = PBXCopyFilesBuildPhase;
			buildActionMask = 2147483647;
			dstPath = "";
			dstSubfolderSpec = 10;
			files = (
				70BDD4CB291D4788003EC0C8 /* GitModels.framework in Embed Frameworks */,
			);
			name = "Embed Frameworks";
			runOnlyForDeploymentPostprocessing = 0;
		};
/* End PBXCopyFilesBuildPhase section */

/* Begin PBXFileReference section */
		70BDD47A291D44A0003EC0C8 /* GitUtility.framework */ = {isa = PBXFileReference; explicitFileType = wrapper.framework; includeInIndex = 0; path = GitUtility.framework; sourceTree = BUILT_PRODUCTS_DIR; };
		70BDD47D291D44A0003EC0C8 /* GitUtility.h */ = {isa = PBXFileReference; lastKnownFileType = sourcecode.c.h; path = GitUtility.h; sourceTree = "<group>"; };
		70BDD47E291D44A0003EC0C8 /* GitUtility.docc */ = {isa = PBXFileReference; lastKnownFileType = folder.documentationcatalog; path = GitUtility.docc; sourceTree = "<group>"; };
		70BDD484291D44A1003EC0C8 /* GitUtilityTests.xctest */ = {isa = PBXFileReference; explicitFileType = wrapper.cfbundle; includeInIndex = 0; path = GitUtilityTests.xctest; sourceTree = BUILT_PRODUCTS_DIR; };
		70BDD489291D44A1003EC0C8 /* GitUtilityTests.swift */ = {isa = PBXFileReference; lastKnownFileType = sourcecode.swift; path = GitUtilityTests.swift; sourceTree = "<group>"; };
		70BDD4C9291D4788003EC0C8 /* GitModels.framework */ = {isa = PBXFileReference; explicitFileType = wrapper.framework; path = GitModels.framework; sourceTree = BUILT_PRODUCTS_DIR; };
		70BDD4D5291D491A003EC0C8 /* UIImage+Extension.swift */ = {isa = PBXFileReference; fileEncoding = 4; lastKnownFileType = sourcecode.swift; path = "UIImage+Extension.swift"; sourceTree = "<group>"; };
		70BDD4D6291D491A003EC0C8 /* UserDefaults+Extension.swift */ = {isa = PBXFileReference; fileEncoding = 4; lastKnownFileType = sourcecode.swift; path = "UserDefaults+Extension.swift"; sourceTree = "<group>"; };
		70BDD4D7291D491A003EC0C8 /* Constants.swift */ = {isa = PBXFileReference; fileEncoding = 4; lastKnownFileType = sourcecode.swift; path = Constants.swift; sourceTree = "<group>"; };
/* End PBXFileReference section */

/* Begin PBXFrameworksBuildPhase section */
		70BDD477291D44A0003EC0C8 /* Frameworks */ = {
			isa = PBXFrameworksBuildPhase;
			buildActionMask = 2147483647;
			files = (
				70BDD4CA291D4788003EC0C8 /* GitModels.framework in Frameworks */,
			);
			runOnlyForDeploymentPostprocessing = 0;
		};
		70BDD481291D44A1003EC0C8 /* Frameworks */ = {
			isa = PBXFrameworksBuildPhase;
			buildActionMask = 2147483647;
			files = (
				70BDD485291D44A1003EC0C8 /* GitUtility.framework in Frameworks */,
			);
			runOnlyForDeploymentPostprocessing = 0;
		};
/* End PBXFrameworksBuildPhase section */

/* Begin PBXGroup section */
		70BDD470291D44A0003EC0C8 = {
			isa = PBXGroup;
			children = (
				70BDD47C291D44A0003EC0C8 /* GitUtility */,
				70BDD488291D44A1003EC0C8 /* GitUtilityTests */,
				70BDD47B291D44A0003EC0C8 /* Products */,
				70BDD4C8291D4788003EC0C8 /* Frameworks */,
			);
			sourceTree = "<group>";
		};
		70BDD47B291D44A0003EC0C8 /* Products */ = {
			isa = PBXGroup;
			children = (
				70BDD47A291D44A0003EC0C8 /* GitUtility.framework */,
				70BDD484291D44A1003EC0C8 /* GitUtilityTests.xctest */,
			);
			name = Products;
			sourceTree = "<group>";
		};
		70BDD47C291D44A0003EC0C8 /* GitUtility */ = {
			isa = PBXGroup;
			children = (
				70BDD4D7291D491A003EC0C8 /* Constants.swift */,
				70BDD4D5291D491A003EC0C8 /* UIImage+Extension.swift */,
				70BDD4D6291D491A003EC0C8 /* UserDefaults+Extension.swift */,
				70BDD47D291D44A0003EC0C8 /* GitUtility.h */,
				70BDD47E291D44A0003EC0C8 /* GitUtility.docc */,
			);
			path = GitUtility;
			sourceTree = "<group>";
		};
		70BDD488291D44A1003EC0C8 /* GitUtilityTests */ = {
			isa = PBXGroup;
			children = (
				70BDD489291D44A1003EC0C8 /* GitUtilityTests.swift */,
			);
			path = GitUtilityTests;
			sourceTree = "<group>";
		};
		70BDD4C8291D4788003EC0C8 /* Frameworks */ = {
			isa = PBXGroup;
			children = (
				70BDD4C9291D4788003EC0C8 /* GitModels.framework */,
			);
			name = Frameworks;
			sourceTree = "<group>";
		};
/* End PBXGroup section */

/* Begin PBXHeadersBuildPhase section */
		70BDD475291D44A0003EC0C8 /* Headers */ = {
			isa = PBXHeadersBuildPhase;
			buildActionMask = 2147483647;
			files = (
				70BDD48B291D44A1003EC0C8 /* GitUtility.h in Headers */,
			);
			runOnlyForDeploymentPostprocessing = 0;
		};
/* End PBXHeadersBuildPhase section */

/* Begin PBXNativeTarget section */
		70BDD479291D44A0003EC0C8 /* GitUtility */ = {
			isa = PBXNativeTarget;
			buildConfigurationList = 70BDD48E291D44A1003EC0C8 /* Build configuration list for PBXNativeTarget "GitUtility" */;
			buildPhases = (
				70BDD475291D44A0003EC0C8 /* Headers */,
				70BDD476291D44A0003EC0C8 /* Sources */,
				70BDD477291D44A0003EC0C8 /* Frameworks */,
				70BDD478291D44A0003EC0C8 /* Resources */,
				70BDD4CC291D4788003EC0C8 /* Embed Frameworks */,
			);
			buildRules = (
			);
			dependencies = (
			);
			name = GitUtility;
			productName = GitUtility;
			productReference = 70BDD47A291D44A0003EC0C8 /* GitUtility.framework */;
			productType = "com.apple.product-type.framework";
		};
		70BDD483291D44A1003EC0C8 /* GitUtilityTests */ = {
			isa = PBXNativeTarget;
			buildConfigurationList = 70BDD491291D44A1003EC0C8 /* Build configuration list for PBXNativeTarget "GitUtilityTests" */;
			buildPhases = (
				70BDD480291D44A1003EC0C8 /* Sources */,
				70BDD481291D44A1003EC0C8 /* Frameworks */,
				70BDD482291D44A1003EC0C8 /* Resources */,
			);
			buildRules = (
			);
			dependencies = (
				70BDD487291D44A1003EC0C8 /* PBXTargetDependency */,
			);
			name = GitUtilityTests;
			productName = GitUtilityTests;
			productReference = 70BDD484291D44A1003EC0C8 /* GitUtilityTests.xctest */;
			productType = "com.apple.product-type.bundle.unit-test";
		};
/* End PBXNativeTarget section */

/* Begin PBXProject section */
		70BDD471291D44A0003EC0C8 /* Project object */ = {
			isa = PBXProject;
			attributes = {
				BuildIndependentTargetsInParallel = 1;
				LastSwiftUpdateCheck = 1400;
				LastUpgradeCheck = 1400;
				TargetAttributes = {
					70BDD479291D44A0003EC0C8 = {
						CreatedOnToolsVersion = 14.0.1;
					};
					70BDD483291D44A1003EC0C8 = {
						CreatedOnToolsVersion = 14.0.1;
					};
				};
			};
			buildConfigurationList = 70BDD474291D44A0003EC0C8 /* Build configuration list for PBXProject "GitUtility" */;
			compatibilityVersion = "Xcode 14.0";
			developmentRegion = en;
			hasScannedForEncodings = 0;
			knownRegions = (
				en,
				Base,
			);
			mainGroup = 70BDD470291D44A0003EC0C8;
			productRefGroup = 70BDD47B291D44A0003EC0C8 /* Products */;
			projectDirPath = "";
			projectRoot = "";
			targets = (
				70BDD479291D44A0003EC0C8 /* GitUtility */,
				70BDD483291D44A1003EC0C8 /* GitUtilityTests */,
			);
		};
/* End PBXProject section */

/* Begin PBXResourcesBuildPhase section */
		70BDD478291D44A0003EC0C8 /* Resources */ = {
			isa = PBXResourcesBuildPhase;
			buildActionMask = 2147483647;
			files = (
			);
			runOnlyForDeploymentPostprocessing = 0;
		};
		70BDD482291D44A1003EC0C8 /* Resources */ = {
			isa = PBXResourcesBuildPhase;
			buildActionMask = 2147483647;
			files = (
			);
			runOnlyForDeploymentPostprocessing = 0;
		};
/* End PBXResourcesBuildPhase section */

/* Begin PBXSourcesBuildPhase section */
		70BDD476291D44A0003EC0C8 /* Sources */ = {
			isa = PBXSourcesBuildPhase;
			buildActionMask = 2147483647;
			files = (
				70BDD47F291D44A0003EC0C8 /* GitUtility.docc in Sources */,
				70BDD4D9291D491B003EC0C8 /* UserDefaults+Extension.swift in Sources */,
				70BDD4D8291D491A003EC0C8 /* UIImage+Extension.swift in Sources */,
				70BDD4DA291D491B003EC0C8 /* Constants.swift in Sources */,
			);
			runOnlyForDeploymentPostprocessing = 0;
		};
		70BDD480291D44A1003EC0C8 /* Sources */ = {
			isa = PBXSourcesBuildPhase;
			buildActionMask = 2147483647;
			files = (
				70BDD48A291D44A1003EC0C8 /* GitUtilityTests.swift in Sources */,
			);
			runOnlyForDeploymentPostprocessing = 0;
		};
/* End PBXSourcesBuildPhase section */

/* Begin PBXTargetDependency section */
		70BDD487291D44A1003EC0C8 /* PBXTargetDependency */ = {
			isa = PBXTargetDependency;
			target = 70BDD479291D44A0003EC0C8 /* GitUtility */;
			targetProxy = 70BDD486291D44A1003EC0C8 /* PBXContainerItemProxy */;
		};
/* End PBXTargetDependency section */

/* Begin XCBuildConfiguration section */
		70BDD48C291D44A1003EC0C8 /* Debug */ = {
			isa = XCBuildConfiguration;
			buildSettings = {
				ALWAYS_SEARCH_USER_PATHS = NO;
				BUILD_LIBRARY_FOR_DISTRIBUTION = YES;
				CLANG_ANALYZER_NONNULL = YES;
				CLANG_ANALYZER_NUMBER_OBJECT_CONVERSION = YES_AGGRESSIVE;
				CLANG_CXX_LANGUAGE_STANDARD = "gnu++20";
				CLANG_ENABLE_MODULES = YES;
				CLANG_ENABLE_OBJC_ARC = YES;
				CLANG_ENABLE_OBJC_WEAK = YES;
				CLANG_WARN_BLOCK_CAPTURE_AUTORELEASING = YES;
				CLANG_WARN_BOOL_CONVERSION = YES;
				CLANG_WARN_COMMA = YES;
				CLANG_WARN_CONSTANT_CONVERSION = YES;
				CLANG_WARN_DEPRECATED_OBJC_IMPLEMENTATIONS = YES;
				CLANG_WARN_DIRECT_OBJC_ISA_USAGE = YES_ERROR;
				CLANG_WARN_DOCUMENTATION_COMMENTS = YES;
				CLANG_WARN_EMPTY_BODY = YES;
				CLANG_WARN_ENUM_CONVERSION = YES;
				CLANG_WARN_INFINITE_RECURSION = YES;
				CLANG_WARN_INT_CONVERSION = YES;
				CLANG_WARN_NON_LITERAL_NULL_CONVERSION = YES;
				CLANG_WARN_OBJC_IMPLICIT_RETAIN_SELF = YES;
				CLANG_WARN_OBJC_LITERAL_CONVERSION = YES;
				CLANG_WARN_OBJC_ROOT_CLASS = YES_ERROR;
				CLANG_WARN_QUOTED_INCLUDE_IN_FRAMEWORK_HEADER = YES;
				CLANG_WARN_RANGE_LOOP_ANALYSIS = YES;
				CLANG_WARN_STRICT_PROTOTYPES = YES;
				CLANG_WARN_SUSPICIOUS_MOVE = YES;
				CLANG_WARN_UNGUARDED_AVAILABILITY = YES_AGGRESSIVE;
				CLANG_WARN_UNREACHABLE_CODE = YES;
				CLANG_WARN__DUPLICATE_METHOD_MATCH = YES;
				COPY_PHASE_STRIP = NO;
				CURRENT_PROJECT_VERSION = 1;
				DEBUG_INFORMATION_FORMAT = dwarf;
				ENABLE_STRICT_OBJC_MSGSEND = YES;
				ENABLE_TESTABILITY = YES;
				GCC_C_LANGUAGE_STANDARD = gnu11;
				GCC_DYNAMIC_NO_PIC = NO;
				GCC_NO_COMMON_BLOCKS = YES;
				GCC_OPTIMIZATION_LEVEL = 0;
				GCC_PREPROCESSOR_DEFINITIONS = (
					"DEBUG=1",
					"$(inherited)",
				);
				GCC_WARN_64_TO_32_BIT_CONVERSION = YES;
				GCC_WARN_ABOUT_RETURN_TYPE = YES_ERROR;
				GCC_WARN_UNDECLARED_SELECTOR = YES;
				GCC_WARN_UNINITIALIZED_AUTOS = YES_AGGRESSIVE;
				GCC_WARN_UNUSED_FUNCTION = YES;
				GCC_WARN_UNUSED_VARIABLE = YES;
				IPHONEOS_DEPLOYMENT_TARGET = 15.0;
				MTL_ENABLE_DEBUG_INFO = INCLUDE_SOURCE;
				MTL_FAST_MATH = YES;
				ONLY_ACTIVE_ARCH = YES;
				SDKROOT = iphoneos;
				SWIFT_ACTIVE_COMPILATION_CONDITIONS = DEBUG;
				SWIFT_OPTIMIZATION_LEVEL = "-Onone";
				VERSIONING_SYSTEM = "apple-generic";
				VERSION_INFO_PREFIX = "";
			};
			name = Debug;
		};
		70BDD48D291D44A1003EC0C8 /* Release */ = {
			isa = XCBuildConfiguration;
			buildSettings = {
				ALWAYS_SEARCH_USER_PATHS = NO;
				BUILD_LIBRARY_FOR_DISTRIBUTION = YES;
				CLANG_ANALYZER_NONNULL = YES;
				CLANG_ANALYZER_NUMBER_OBJECT_CONVERSION = YES_AGGRESSIVE;
				CLANG_CXX_LANGUAGE_STANDARD = "gnu++20";
				CLANG_ENABLE_MODULES = YES;
				CLANG_ENABLE_OBJC_ARC = YES;
				CLANG_ENABLE_OBJC_WEAK = YES;
				CLANG_WARN_BLOCK_CAPTURE_AUTORELEASING = YES;
				CLANG_WARN_BOOL_CONVERSION = YES;
				CLANG_WARN_COMMA = YES;
				CLANG_WARN_CONSTANT_CONVERSION = YES;
				CLANG_WARN_DEPRECATED_OBJC_IMPLEMENTATIONS = YES;
				CLANG_WARN_DIRECT_OBJC_ISA_USAGE = YES_ERROR;
				CLANG_WARN_DOCUMENTATION_COMMENTS = YES;
				CLANG_WARN_EMPTY_BODY = YES;
				CLANG_WARN_ENUM_CONVERSION = YES;
				CLANG_WARN_INFINITE_RECURSION = YES;
				CLANG_WARN_INT_CONVERSION = YES;
				CLANG_WARN_NON_LITERAL_NULL_CONVERSION = YES;
				CLANG_WARN_OBJC_IMPLICIT_RETAIN_SELF = YES;
				CLANG_WARN_OBJC_LITERAL_CONVERSION = YES;
				CLANG_WARN_OBJC_ROOT_CLASS = YES_ERROR;
				CLANG_WARN_QUOTED_INCLUDE_IN_FRAMEWORK_HEADER = YES;
				CLANG_WARN_RANGE_LOOP_ANALYSIS = YES;
				CLANG_WARN_STRICT_PROTOTYPES = YES;
				CLANG_WARN_SUSPICIOUS_MOVE = YES;
				CLANG_WARN_UNGUARDED_AVAILABILITY = YES_AGGRESSIVE;
				CLANG_WARN_UNREACHABLE_CODE = YES;
				CLANG_WARN__DUPLICATE_METHOD_MATCH = YES;
				COPY_PHASE_STRIP = NO;
				CURRENT_PROJECT_VERSION = 1;
				DEBUG_INFORMATION_FORMAT = "dwarf-with-dsym";
				ENABLE_NS_ASSERTIONS = NO;
				ENABLE_STRICT_OBJC_MSGSEND = YES;
				GCC_C_LANGUAGE_STANDARD = gnu11;
				GCC_NO_COMMON_BLOCKS = YES;
				GCC_WARN_64_TO_32_BIT_CONVERSION = YES;
				GCC_WARN_ABOUT_RETURN_TYPE = YES_ERROR;
				GCC_WARN_UNDECLARED_SELECTOR = YES;
				GCC_WARN_UNINITIALIZED_AUTOS = YES_AGGRESSIVE;
				GCC_WARN_UNUSED_FUNCTION = YES;
				GCC_WARN_UNUSED_VARIABLE = YES;
				IPHONEOS_DEPLOYMENT_TARGET = 15.0;
				MTL_ENABLE_DEBUG_INFO = NO;
				MTL_FAST_MATH = YES;
				SDKROOT = iphoneos;
				SWIFT_COMPILATION_MODE = wholemodule;
				SWIFT_OPTIMIZATION_LEVEL = "-O";
				VALIDATE_PRODUCT = YES;
				VERSIONING_SYSTEM = "apple-generic";
				VERSION_INFO_PREFIX = "";
			};
			name = Release;
		};
		70BDD48F291D44A1003EC0C8 /* Debug */ = {
			isa = XCBuildConfiguration;
			buildSettings = {
				CODE_SIGN_STYLE = Automatic;
				CURRENT_PROJECT_VERSION = 1;
				DEFINES_MODULE = YES;
				DEVELOPMENT_TEAM = FKM3V764H6;
				DYLIB_COMPATIBILITY_VERSION = 1;
				DYLIB_CURRENT_VERSION = 1;
				DYLIB_INSTALL_NAME_BASE = "@rpath";
				GENERATE_INFOPLIST_FILE = YES;
				INFOPLIST_KEY_NSHumanReadableCopyright = "";
				INSTALL_PATH = "$(LOCAL_LIBRARY_DIR)/Frameworks";
				IPHONEOS_DEPLOYMENT_TARGET = 15.0;
				LD_RUNPATH_SEARCH_PATHS = (
					"$(inherited)",
					"@executable_path/Frameworks",
					"@loader_path/Frameworks",
				);
				MARKETING_VERSION = 1.0;
				PRODUCT_BUNDLE_IDENTIFIER = com.ugoval.GitUtility;
				PRODUCT_NAME = "$(TARGET_NAME:c99extidentifier)";
				SKIP_INSTALL = YES;
				SWIFT_EMIT_LOC_STRINGS = YES;
				SWIFT_VERSION = 5.0;
				TARGETED_DEVICE_FAMILY = "1,2";
			};
			name = Debug;
		};
		70BDD490291D44A1003EC0C8 /* Release */ = {
			isa = XCBuildConfiguration;
			buildSettings = {
				CODE_SIGN_STYLE = Automatic;
				CURRENT_PROJECT_VERSION = 1;
				DEFINES_MODULE = YES;
				DEVELOPMENT_TEAM = FKM3V764H6;
				DYLIB_COMPATIBILITY_VERSION = 1;
				DYLIB_CURRENT_VERSION = 1;
				DYLIB_INSTALL_NAME_BASE = "@rpath";
				GENERATE_INFOPLIST_FILE = YES;
				INFOPLIST_KEY_NSHumanReadableCopyright = "";
				INSTALL_PATH = "$(LOCAL_LIBRARY_DIR)/Frameworks";
				IPHONEOS_DEPLOYMENT_TARGET = 15.0;
				LD_RUNPATH_SEARCH_PATHS = (
					"$(inherited)",
					"@executable_path/Frameworks",
					"@loader_path/Frameworks",
				);
				MARKETING_VERSION = 1.0;
				PRODUCT_BUNDLE_IDENTIFIER = com.ugoval.GitUtility;
				PRODUCT_NAME = "$(TARGET_NAME:c99extidentifier)";
				SKIP_INSTALL = YES;
				SWIFT_EMIT_LOC_STRINGS = YES;
				SWIFT_VERSION = 5.0;
				TARGETED_DEVICE_FAMILY = "1,2";
			};
			name = Release;
		};
		70BDD492291D44A1003EC0C8 /* Debug */ = {
			isa = XCBuildConfiguration;
			buildSettings = {
				ALWAYS_EMBED_SWIFT_STANDARD_LIBRARIES = YES;
				CODE_SIGN_STYLE = Automatic;
				CURRENT_PROJECT_VERSION = 1;
				DEVELOPMENT_TEAM = FKM3V764H6;
				GENERATE_INFOPLIST_FILE = YES;
				MARKETING_VERSION = 1.0;
				PRODUCT_BUNDLE_IDENTIFIER = com.ugoval.GitUtilityTests;
				PRODUCT_NAME = "$(TARGET_NAME)";
				SWIFT_EMIT_LOC_STRINGS = NO;
				SWIFT_VERSION = 5.0;
				TARGETED_DEVICE_FAMILY = "1,2";
			};
			name = Debug;
		};
		70BDD493291D44A1003EC0C8 /* Release */ = {
			isa = XCBuildConfiguration;
			buildSettings = {
				ALWAYS_EMBED_SWIFT_STANDARD_LIBRARIES = YES;
				CODE_SIGN_STYLE = Automatic;
				CURRENT_PROJECT_VERSION = 1;
				DEVELOPMENT_TEAM = FKM3V764H6;
				GENERATE_INFOPLIST_FILE = YES;
				MARKETING_VERSION = 1.0;
				PRODUCT_BUNDLE_IDENTIFIER = com.ugoval.GitUtilityTests;
				PRODUCT_NAME = "$(TARGET_NAME)";
				SWIFT_EMIT_LOC_STRINGS = NO;
				SWIFT_VERSION = 5.0;
				TARGETED_DEVICE_FAMILY = "1,2";
			};
			name = Release;
		};
/* End XCBuildConfiguration section */

/* Begin XCConfigurationList section */
		70BDD474291D44A0003EC0C8 /* Build configuration list for PBXProject "GitUtility" */ = {
			isa = XCConfigurationList;
			buildConfigurations = (
				70BDD48C291D44A1003EC0C8 /* Debug */,
				70BDD48D291D44A1003EC0C8 /* Release */,
			);
			defaultConfigurationIsVisible = 0;
			defaultConfigurationName = Release;
		};
		70BDD48E291D44A1003EC0C8 /* Build configuration list for PBXNativeTarget "GitUtility" */ = {
			isa = XCConfigurationList;
			buildConfigurations = (
				70BDD48F291D44A1003EC0C8 /* Debug */,
				70BDD490291D44A1003EC0C8 /* Release */,
			);
			defaultConfigurationIsVisible = 0;
			defaultConfigurationName = Release;
		};
		70BDD491291D44A1003EC0C8 /* Build configuration list for PBXNativeTarget "GitUtilityTests" */ = {
			isa = XCConfigurationList;
			buildConfigurations = (
				70BDD492291D44A1003EC0C8 /* Debug */,
				70BDD493291D44A1003EC0C8 /* Release */,
			);
			defaultConfigurationIsVisible = 0;
			defaultConfigurationName = Release;
		};
/* End XCConfigurationList section */
	};
	rootObject = 70BDD471291D44A0003EC0C8 /* Project object */;
}
